
Microsoft Visual Studio Solution File, Format Version 12.00
# Visual Studio Version 16
VisualStudioVersion = 16.0.31624.102
MinimumVisualStudioVersion = 10.0.40219.1
Project("{9A19103F-16F7-4668-BE54-9A1E7A4F7556}") = "BigMammaUML3", "BigMammaUML3\BigMammaUML3.csproj", "{67F992B9-6B14-4327-8675-AA456E441623}"
EndProject
Project("{FAE04EC0-301F-11D3-BF4B-00C04F79EFBC}") = "MenuCatalogTestProject", "MenuCatalogTestProject\MenuCatalogTestProject.csproj", "{A75017E6-95A9-47B3-AF16-C6DF48B9BE1B}"
EndProject
Global
	GlobalSection(SolutionConfigurationPlatforms) = preSolution
		Debug|Any CPU = Debug|Any CPU
		Release|Any CPU = Release|Any CPU
	EndGlobalSection
	GlobalSection(ProjectConfigurationPlatforms) = postSolution
		{67F992B9-6B14-4327-8675-AA456E441623}.Debug|Any CPU.ActiveCfg = Debug|Any CPU
		{67F992B9-6B14-4327-8675-AA456E441623}.Debug|Any CPU.Build.0 = Debug|Any CPU
		{67F992B9-6B14-4327-8675-AA456E441623}.Release|Any CPU.ActiveCfg = Release|Any CPU
		{67F992B9-6B14-4327-8675-AA456E441623}.Release|Any CPU.Build.0 = Release|Any CPU
		{A75017E6-95A9-47B3-AF16-C6DF48B9BE1B}.Debug|Any CPU.ActiveCfg = Debug|Any CPU
		{A75017E6-95A9-47B3-AF16-C6DF48B9BE1B}.Debug|Any CPU.Build.0 = Debug|Any CPU
		{A75017E6-95A9-47B3-AF16-C6DF48B9BE1B}.Release|Any CPU.ActiveCfg = Release|Any CPU
		{A75017E6-95A9-47B3-AF16-C6DF48B9BE1B}.Release|Any CPU.Build.0 = Release|Any CPU
	EndGlobalSection
	GlobalSection(SolutionProperties) = preSolution
		HideSolutionNode = FALSE
	EndGlobalSection
	GlobalSection(ExtensibilityGlobals) = postSolution
		SolutionGuid = {F49D7870-8907-43EA-B3DC-CB21CC69CD94}
	EndGlobalSection
EndGlobal
